
Microsoft Visual Studio Solution File, Format Version 12.00
# Visual Studio Version 17
VisualStudioVersion = 17.3.32922.545
MinimumVisualStudioVersion = 10.0.40219.1
Project("{00D1A9C2-B5F0-4AF3-8072-F6C62B433612}") = "sql", "sql.sqlproj", "{98CF5B4C-15D1-4FBB-9660-BDDFE34511F0}"
EndProject
Global
	GlobalSection(SolutionConfigurationPlatforms) = preSolution
		Debug|Any CPU = Debug|Any CPU
		Release|Any CPU = Release|Any CPU
	EndGlobalSection
	GlobalSection(ProjectConfigurationPlatforms) = postSolution
		{98CF5B4C-15D1-4FBB-9660-BDDFE34511F0}.Debug|Any CPU.ActiveCfg = Debug|Any CPU
		{98CF5B4C-15D1-4FBB-9660-BDDFE34511F0}.Debug|Any CPU.Build.0 = Debug|Any CPU
		{98CF5B4C-15D1-4FBB-9660-BDDFE34511F0}.Debug|Any CPU.Deploy.0 = Debug|Any CPU
		{98CF5B4C-15D1-4FBB-9660-BDDFE34511F0}.Release|Any CPU.ActiveCfg = Release|Any CPU
		{98CF5B4C-15D1-4FBB-9660-BDDFE34511F0}.Release|Any CPU.Build.0 = Release|Any CPU
		{98CF5B4C-15D1-4FBB-9660-BDDFE34511F0}.Release|Any CPU.Deploy.0 = Release|Any CPU
	EndGlobalSection
	GlobalSection(SolutionProperties) = preSolution
		HideSolutionNode = FALSE
	EndGlobalSection
	GlobalSection(ExtensibilityGlobals) = postSolution
		SolutionGuid = {DD528B14-4AB5-4CEA-A5C1-F7FE15CF8267}
	EndGlobalSection
EndGlobal
